{
  "name": "heavens-project",
  "version": "1.0.0",
  "lockfileVersion": 3,
  "requires": true,
  "packages": {
    "": {
      "name": "heavens-project",
      "version": "1.0.0",
      "license": "ISC",
      "dependencies": {
        "heavens-utils": "^1.1.8"
      }
    },
    "node_modules/heavens-utils": {
      "version": "1.1.8",
      "resolved": "https://registry.npmjs.org/heavens-utils/-/heavens-utils-1.1.8.tgz",
      "integrity": "sha512-x56RbLN9MsjXcNNZgUP8Dkdis2ynTWNwwq+jMFYUWuGjqFGUjx/mAJczeqSW2MCMOsKAEG2AcYAAYY1aQluH0Q==",
      "license": "ISC"
    }
  }
}
