{
  "name": "heavens-project",
  "version": "1.0.0",
  "lockfileVersion": 3,
  "requires": true,
  "packages": {
    "": {
      "name": "heavens-project",
      "version": "1.0.0",
      "license": "ISC",
      "dependencies": {
        "heavens-project": "file:",
        "heavens-utils": "^1.1.4"
      }
    },
    "node_modules/heavens-project": {
      "resolved": "",
      "link": true
    },
    "node_modules/heavens-utils": {
      "version": "1.1.4",
      "resolved": "https://registry.npmjs.org/heavens-utils/-/heavens-utils-1.1.4.tgz",
      "integrity": "sha512-ErCvqwZOx6M0k7Lb/q0j9jGgsFE3mxokEPSOfX7X+eP1yQkKWRy4A1zkEpxja2uyfVNj7/umS3lAOO8B48F92A==",
      "license": "ISC"
    }
  }
}
