{
  "name": "heavens-project",
  "version": "1.0.0",
  "lockfileVersion": 3,
  "requires": true,
  "packages": {
    "": {
      "name": "heavens-project",
      "version": "1.0.0",
      "license": "ISC",
      "dependencies": {
        "heavens-project": "file:",
        "heavens-utils": "^1.1.1"
      }
    },
    "node_modules/heavens-project": {
      "resolved": "",
      "link": true
    },
    "node_modules/heavens-utils": {
      "version": "1.1.1",
      "resolved": "https://registry.npmjs.org/heavens-utils/-/heavens-utils-1.1.1.tgz",
      "integrity": "sha512-Mntp/omXK7RADkiGqIuOBzGWquzhcqdnat9A55+7LXe4aXcLHbXwdF8nxkFuFyKoZ/OuGRBLXvIt7fLmpT1V7Q==",
      "license": "ISC"
    }
  }
}
